// !$*UTF8*$!
{
	archiveVersion = 1;
	classes = {
	};
	objectVersion = 50;
	objects = {

/* Begin PBXBuildFile section */
		B75B924F222D78480082A5F0 /* AppDelegate.swift in Sources */ = {isa = PBXBuildFile; fileRef = B75B924E222D78480082A5F0 /* AppDelegate.swift */; };
		B75B9251222D78480082A5F0 /* ViewController.swift in Sources */ = {isa = PBXBuildFile; fileRef = B75B9250222D78480082A5F0 /* ViewController.swift */; };
		B75B9254222D78480082A5F0 /* Main.storyboard in Resources */ = {isa = PBXBuildFile; fileRef = B75B9252222D78480082A5F0 /* Main.storyboard */; };
		B75B9256222D78490082A5F0 /* Assets.xcassets in Resources */ = {isa = PBXBuildFile; fileRef = B75B9255222D78490082A5F0 /* Assets.xcassets */; };
		B75B9259222D78490082A5F0 /* LaunchScreen.storyboard in Resources */ = {isa = PBXBuildFile; fileRef = B75B9257222D78490082A5F0 /* LaunchScreen.storyboard */; };
		B75B9265222D7A9C0082A5F0 /* Constant.swift in Sources */ = {isa = PBXBuildFile; fileRef = B75B9264222D7A9C0082A5F0 /* Constant.swift */; };
		B75B9267222D7B750082A5F0 /* NewsArticles.swift in Sources */ = {isa = PBXBuildFile; fileRef = B75B9266222D7B750082A5F0 /* NewsArticles.swift */; };
		B75B9269222D7C7B0082A5F0 /* NewsArticleCell.swift in Sources */ = {isa = PBXBuildFile; fileRef = B75B9268222D7C7B0082A5F0 /* NewsArticleCell.swift */; };
		B75B926C222D7E3D0082A5F0 /* WebServiceClient.swift in Sources */ = {isa = PBXBuildFile; fileRef = B75B926B222D7E3D0082A5F0 /* WebServiceClient.swift */; };
		B75B926E222D80FB0082A5F0 /* ServiceResponseMapper.swift in Sources */ = {isa = PBXBuildFile; fileRef = B75B926D222D80FB0082A5F0 /* ServiceResponseMapper.swift */; };
/* End PBXBuildFile section */

/* Begin PBXFileReference section */
		B75B924B222D78480082A5F0 /* MVC-Example.app */ = {isa = PBXFileReference; explicitFileType = wrapper.application; includeInIndex = 0; path = "MVC-Example.app"; sourceTree = BUILT_PRODUCTS_DIR; };
		B75B924E222D78480082A5F0 /* AppDelegate.swift */ = {isa = PBXFileReference; lastKnownFileType = sourcecode.swift; path = AppDelegate.swift; sourceTree = "<group>"; };
		B75B9250222D78480082A5F0 /* ViewController.swift */ = {isa = PBXFileReference; lastKnownFileType = sourcecode.swift; path = ViewController.swift; sourceTree = "<group>"; };
		B75B9253222D78480082A5F0 /* Base */ = {isa = PBXFileReference; lastKnownFileType = file.storyboard; name = Base; path = Base.lproj/Main.storyboard; sourceTree = "<group>"; };
		B75B9255222D78490082A5F0 /* Assets.xcassets */ = {isa = PBXFileReference; lastKnownFileType = folder.assetcatalog; path = Assets.xcassets; sourceTree = "<group>"; };
		B75B9258222D78490082A5F0 /* Base */ = {isa = PBXFileReference; lastKnownFileType = file.storyboard; name = Base; path = Base.lproj/LaunchScreen.storyboard; sourceTree = "<group>"; };
		B75B925A222D78490082A5F0 /* Info.plist */ = {isa = PBXFileReference; lastKnownFileType = text.plist.xml; path = Info.plist; sourceTree = "<group>"; };
		B75B9264222D7A9C0082A5F0 /* Constant.swift */ = {isa = PBXFileReference; lastKnownFileType = sourcecode.swift; path = Constant.swift; sourceTree = "<group>"; };
		B75B9266222D7B750082A5F0 /* NewsArticles.swift */ = {isa = PBXFileReference; lastKnownFileType = sourcecode.swift; path = NewsArticles.swift; sourceTree = "<group>"; };
		B75B9268222D7C7B0082A5F0 /* NewsArticleCell.swift */ = {isa = PBXFileReference; lastKnownFileType = sourcecode.swift; path = NewsArticleCell.swift; sourceTree = "<group>"; };
		B75B926B222D7E3D0082A5F0 /* WebServiceClient.swift */ = {isa = PBXFileReference; lastKnownFileType = sourcecode.swift; path = WebServiceClient.swift; sourceTree = "<group>"; };
		B75B926D222D80FB0082A5F0 /* ServiceResponseMapper.swift */ = {isa = PBXFileReference; lastKnownFileType = sourcecode.swift; path = ServiceResponseMapper.swift; sourceTree = "<group>"; };
/* End PBXFileReference section */

/* Begin PBXFrameworksBuildPhase section */
		B75B9248222D78480082A5F0 /* Frameworks */ = {
			isa = PBXFrameworksBuildPhase;
			buildActionMask = 2147483647;
			files = (
			);
			runOnlyForDeploymentPostprocessing = 0;
		};
/* End PBXFrameworksBuildPhase section */

/* Begin PBXGroup section */
		B75B9242222D78480082A5F0 = {
			isa = PBXGroup;
			children = (
				B75B924D222D78480082A5F0 /* MVC-Example */,
				B75B924C222D78480082A5F0 /* Products */,
			);
			sourceTree = "<group>";
		};
		B75B924C222D78480082A5F0 /* Products */ = {
			isa = PBXGroup;
			children = (
				B75B924B222D78480082A5F0 /* MVC-Example.app */,
			);
			name = Products;
			sourceTree = "<group>";
		};
		B75B924D222D78480082A5F0 /* MVC-Example */ = {
			isa = PBXGroup;
			children = (
				B75B926A222D7E040082A5F0 /* Networking */,
				B75B9263222D79A70082A5F0 /* Views */,
				B75B9261222D797A0082A5F0 /* Utility */,
				B75B9262222D79880082A5F0 /* Controller */,
				B75B9260222D79410082A5F0 /* Models */,
				B75B924E222D78480082A5F0 /* AppDelegate.swift */,
				B75B9252222D78480082A5F0 /* Main.storyboard */,
				B75B9255222D78490082A5F0 /* Assets.xcassets */,
				B75B9257222D78490082A5F0 /* LaunchScreen.storyboard */,
				B75B925A222D78490082A5F0 /* Info.plist */,
				B75B9264222D7A9C0082A5F0 /* Constant.swift */,
			);
			path = "MVC-Example";
			sourceTree = "<group>";
		};
		B75B9260222D79410082A5F0 /* Models */ = {
			isa = PBXGroup;
			children = (
				B75B9266222D7B750082A5F0 /* NewsArticles.swift */,
			);
			path = Models;
			sourceTree = "<group>";
		};
		B75B9261222D797A0082A5F0 /* Utility */ = {
			isa = PBXGroup;
			children = (
			);
			path = Utility;
			sourceTree = "<group>";
		};
		B75B9262222D79880082A5F0 /* Controller */ = {
			isa = PBXGroup;
			children = (
				B75B9250222D78480082A5F0 /* ViewController.swift */,
			);
			path = Controller;
			sourceTree = "<group>";
		};
		B75B9263222D79A70082A5F0 /* Views */ = {
			isa = PBXGroup;
			children = (
				B75B9268222D7C7B0082A5F0 /* NewsArticleCell.swift */,
			);
			path = Views;
			sourceTree = "<group>";
		};
		B75B926A222D7E040082A5F0 /* Networking */ = {
			isa = PBXGroup;
			children = (
				B75B926B222D7E3D0082A5F0 /* WebServiceClient.swift */,
				B75B926D222D80FB0082A5F0 /* ServiceResponseMapper.swift */,
			);
			path = Networking;
			sourceTree = "<group>";
		};
/* End PBXGroup section */

/* Begin PBXNativeTarget section */
		B75B924A222D78480082A5F0 /* MVC-Example */ = {
			isa = PBXNativeTarget;
			buildConfigurationList = B75B925D222D784A0082A5F0 /* Build configuration list for PBXNativeTarget "MVC-Example" */;
			buildPhases = (
				B75B9247222D78480082A5F0 /* Sources */,
				B75B9248222D78480082A5F0 /* Frameworks */,
				B75B9249222D78480082A5F0 /* Resources */,
			);
			buildRules = (
			);
			dependencies = (
			);
			name = "MVC-Example";
			productName = "MVC-Example";
			productReference = B75B924B222D78480082A5F0 /* MVC-Example.app */;
			productType = "com.apple.product-type.application";
		};
/* End PBXNativeTarget section */

/* Begin PBXProject section */
		B75B9243222D78480082A5F0 /* Project object */ = {
			isa = PBXProject;
			attributes = {
				LastSwiftUpdateCheck = 1010;
				LastUpgradeCheck = 1010;
				ORGANIZATIONNAME = "Rohit Prajapati";
				TargetAttributes = {
					B75B924A222D78480082A5F0 = {
						CreatedOnToolsVersion = 10.1;
					};
				};
			};
			buildConfigurationList = B75B9246222D78480082A5F0 /* Build configuration list for PBXProject "MVC-Example" */;
			compatibilityVersion = "Xcode 9.3";
			developmentRegion = en;
			hasScannedForEncodings = 0;
			knownRegions = (
				en,
				Base,
			);
			mainGroup = B75B9242222D78480082A5F0;
			productRefGroup = B75B924C222D78480082A5F0 /* Products */;
			projectDirPath = "";
			projectRoot = "";
			targets = (
				B75B924A222D78480082A5F0 /* MVC-Example */,
			);
		};
/* End PBXProject section */

/* Begin PBXResourcesBuildPhase section */
		B75B9249222D78480082A5F0 /* Resources */ = {
			isa = PBXResourcesBuildPhase;
			buildActionMask = 2147483647;
			files = (
				B75B9259222D78490082A5F0 /* LaunchScreen.storyboard in Resources */,
				B75B9256222D78490082A5F0 /* Assets.xcassets in Resources */,
				B75B9254222D78480082A5F0 /* Main.storyboard in Resources */,
			);
			runOnlyForDeploymentPostprocessing = 0;
		};
/* End PBXResourcesBuildPhase section */

/* Begin PBXSourcesBuildPhase section */
		B75B9247222D78480082A5F0 /* Sources */ = {
			isa = PBXSourcesBuildPhase;
			buildActionMask = 2147483647;
			files = (
				B75B9251222D78480082A5F0 /* ViewController.swift in Sources */,
				B75B924F222D78480082A5F0 /* AppDelegate.swift in Sources */,
				B75B9269222D7C7B0082A5F0 /* NewsArticleCell.swift in Sources */,
				B75B926E222D80FB0082A5F0 /* ServiceResponseMapper.swift in Sources */,
				B75B926C222D7E3D0082A5F0 /* WebServiceClient.swift in Sources */,
				B75B9267222D7B750082A5F0 /* NewsArticles.swift in Sources */,
				B75B9265222D7A9C0082A5F0 /* Constant.swift in Sources */,
			);
			runOnlyForDeploymentPostprocessing = 0;
		};
/* End PBXSourcesBuildPhase section */

/* Begin PBXVariantGroup section */
		B75B9252222D78480082A5F0 /* Main.storyboard */ = {
			isa = PBXVariantGroup;
			children = (
				B75B9253222D78480082A5F0 /* Base */,
			);
			name = Main.storyboard;
			sourceTree = "<group>";
		};
		B75B9257222D78490082A5F0 /* LaunchScreen.storyboard */ = {
			isa = PBXVariantGroup;
			children = (
				B75B9258222D78490082A5F0 /* Base */,
			);
			name = LaunchScreen.storyboard;
			sourceTree = "<group>";
		};
/* End PBXVariantGroup section */

/* Begin XCBuildConfiguration section */
		B75B925B222D784A0082A5F0 /* Debug */ = {
			isa = XCBuildConfiguration;
			buildSettings = {
				ALWAYS_SEARCH_USER_PATHS = NO;
				CLANG_ANALYZER_NONNULL = YES;
				CLANG_ANALYZER_NUMBER_OBJECT_CONVERSION = YES_AGGRESSIVE;
				CLANG_CXX_LANGUAGE_STANDARD = "gnu++14";
				CLANG_CXX_LIBRARY = "libc++";
				CLANG_ENABLE_MODULES = YES;
				CLANG_ENABLE_OBJC_ARC = YES;
				CLANG_ENABLE_OBJC_WEAK = YES;
				CLANG_WARN_BLOCK_CAPTURE_AUTORELEASING = YES;
				CLANG_WARN_BOOL_CONVERSION = YES;
				CLANG_WARN_COMMA = YES;
				CLANG_WARN_CONSTANT_CONVERSION = YES;
				CLANG_WARN_DEPRECATED_OBJC_IMPLEMENTATIONS = YES;
				CLANG_WARN_DIRECT_OBJC_ISA_USAGE = YES_ERROR;
				CLANG_WARN_DOCUMENTATION_COMMENTS = YES;
				CLANG_WARN_EMPTY_BODY = YES;
				CLANG_WARN_ENUM_CONVERSION = YES;
				CLANG_WARN_INFINITE_RECURSION = YES;
				CLANG_WARN_INT_CONVERSION = YES;
				CLANG_WARN_NON_LITERAL_NULL_CONVERSION = YES;
				CLANG_WARN_OBJC_IMPLICIT_RETAIN_SELF = YES;
				CLANG_WARN_OBJC_LITERAL_CONVERSION = YES;
				CLANG_WARN_OBJC_ROOT_CLASS = YES_ERROR;
				CLANG_WARN_RANGE_LOOP_ANALYSIS = YES;
				CLANG_WARN_STRICT_PROTOTYPES = YES;
				CLANG_WARN_SUSPICIOUS_MOVE = YES;
				CLANG_WARN_UNGUARDED_AVAILABILITY = YES_AGGRESSIVE;
				CLANG_WARN_UNREACHABLE_CODE = YES;
				CLANG_WARN__DUPLICATE_METHOD_MATCH = YES;
				CODE_SIGN_IDENTITY = "iPhone Developer";
				COPY_PHASE_STRIP = NO;
				DEBUG_INFORMATION_FORMAT = dwarf;
				ENABLE_STRICT_OBJC_MSGSEND = YES;
				ENABLE_TESTABILITY = YES;
				GCC_C_LANGUAGE_STANDARD = gnu11;
				GCC_DYNAMIC_NO_PIC = NO;
				GCC_NO_COMMON_BLOCKS = YES;
				GCC_OPTIMIZATION_LEVEL = 0;
				GCC_PREPROCESSOR_DEFINITIONS = (
					"DEBUG=1",
					"$(inherited)",
				);
				GCC_WARN_64_TO_32_BIT_CONVERSION = YES;
				GCC_WARN_ABOUT_RETURN_TYPE = YES_ERROR;
				GCC_WARN_UNDECLARED_SELECTOR = YES;
				GCC_WARN_UNINITIALIZED_AUTOS = YES_AGGRESSIVE;
				GCC_WARN_UNUSED_FUNCTION = YES;
				GCC_WARN_UNUSED_VARIABLE = YES;
				IPHONEOS_DEPLOYMENT_TARGET = 12.1;
				MTL_ENABLE_DEBUG_INFO = INCLUDE_SOURCE;
				MTL_FAST_MATH = YES;
				ONLY_ACTIVE_ARCH = YES;
				SDKROOT = iphoneos;
				SWIFT_ACTIVE_COMPILATION_CONDITIONS = DEBUG;
				SWIFT_OPTIMIZATION_LEVEL = "-Onone";
			};
			name = Debug;
		};
		B75B925C222D784A0082A5F0 /* Release */ = {
			isa = XCBuildConfiguration;
			buildSettings = {
				ALWAYS_SEARCH_USER_PATHS = NO;
				CLANG_ANALYZER_NONNULL = YES;
				CLANG_ANALYZER_NUMBER_OBJECT_CONVERSION = YES_AGGRESSIVE;
				CLANG_CXX_LANGUAGE_STANDARD = "gnu++14";
				CLANG_CXX_LIBRARY = "libc++";
				CLANG_ENABLE_MODULES = YES;
				CLANG_ENABLE_OBJC_ARC = YES;
				CLANG_ENABLE_OBJC_WEAK = YES;
				CLANG_WARN_BLOCK_CAPTURE_AUTORELEASING = YES;
				CLANG_WARN_BOOL_CONVERSION = YES;
				CLANG_WARN_COMMA = YES;
				CLANG_WARN_CONSTANT_CONVERSION = YES;
				CLANG_WARN_DEPRECATED_OBJC_IMPLEMENTATIONS = YES;
				CLANG_WARN_DIRECT_OBJC_ISA_USAGE = YES_ERROR;
				CLANG_WARN_DOCUMENTATION_COMMENTS = YES;
				CLANG_WARN_EMPTY_BODY = YES;
				CLANG_WARN_ENUM_CONVERSION = YES;
				CLANG_WARN_INFINITE_RECURSION = YES;
				CLANG_WARN_INT_CONVERSION = YES;
				CLANG_WARN_NON_LITERAL_NULL_CONVERSION = YES;
				CLANG_WARN_OBJC_IMPLICIT_RETAIN_SELF = YES;
				CLANG_WARN_OBJC_LITERAL_CONVERSION = YES;
				CLANG_WARN_OBJC_ROOT_CLASS = YES_ERROR;
				CLANG_WARN_RANGE_LOOP_ANALYSIS = YES;
				CLANG_WARN_STRICT_PROTOTYPES = YES;
				CLANG_WARN_SUSPICIOUS_MOVE = YES;
				CLANG_WARN_UNGUARDED_AVAILABILITY = YES_AGGRESSIVE;
				CLANG_WARN_UNREACHABLE_CODE = YES;
				CLANG_WARN__DUPLICATE_METHOD_MATCH = YES;
				CODE_SIGN_IDENTITY = "iPhone Developer";
				COPY_PHASE_STRIP = NO;
				DEBUG_INFORMATION_FORMAT = "dwarf-with-dsym";
				ENABLE_NS_ASSERTIONS = NO;
				ENABLE_STRICT_OBJC_MSGSEND = YES;
				GCC_C_LANGUAGE_STANDARD = gnu11;
				GCC_NO_COMMON_BLOCKS = YES;
				GCC_WARN_64_TO_32_BIT_CONVERSION = YES;
				GCC_WARN_ABOUT_RETURN_TYPE = YES_ERROR;
				GCC_WARN_UNDECLARED_SELECTOR = YES;
				GCC_WARN_UNINITIALIZED_AUTOS = YES_AGGRESSIVE;
				GCC_WARN_UNUSED_FUNCTION = YES;
				GCC_WARN_UNUSED_VARIABLE = YES;
				IPHONEOS_DEPLOYMENT_TARGET = 12.1;
				MTL_ENABLE_DEBUG_INFO = NO;
				MTL_FAST_MATH = YES;
				SDKROOT = iphoneos;
				SWIFT_COMPILATION_MODE = wholemodule;
				SWIFT_OPTIMIZATION_LEVEL = "-O";
				VALIDATE_PRODUCT = YES;
			};
			name = Release;
		};
		B75B925E222D784A0082A5F0 /* Debug */ = {
			isa = XCBuildConfiguration;
			buildSettings = {
				ASSETCATALOG_COMPILER_APPICON_NAME = AppIcon;
				CODE_SIGN_STYLE = Automatic;
				INFOPLIST_FILE = "MVC-Example/Info.plist";
				LD_RUNPATH_SEARCH_PATHS = (
					"$(inherited)",
					"@executable_path/Frameworks",
				);
				PRODUCT_BUNDLE_IDENTIFIER = "com.rohitPrajapati.MVC-Example";
				PRODUCT_NAME = "$(TARGET_NAME)";
				SWIFT_VERSION = 4.2;
				TARGETED_DEVICE_FAMILY = "1,2";
			};
			name = Debug;
		};
		B75B925F222D784A0082A5F0 /* Release */ = {
			isa = XCBuildConfiguration;
			buildSettings = {
				ASSETCATALOG_COMPILER_APPICON_NAME = AppIcon;
				CODE_SIGN_STYLE = Automatic;
				INFOPLIST_FILE = "MVC-Example/Info.plist";
				LD_RUNPATH_SEARCH_PATHS = (
					"$(inherited)",
					"@executable_path/Frameworks",
				);
				PRODUCT_BUNDLE_IDENTIFIER = "com.rohitPrajapati.MVC-Example";
				PRODUCT_NAME = "$(TARGET_NAME)";
				SWIFT_VERSION = 4.2;
				TARGETED_DEVICE_FAMILY = "1,2";
			};
			name = Release;
		};
/* End XCBuildConfiguration section */

/* Begin XCConfigurationList section */
		B75B9246222D78480082A5F0 /* Build configuration list for PBXProject "MVC-Example" */ = {
			isa = XCConfigurationList;
			buildConfigurations = (
				B75B925B222D784A0082A5F0 /* Debug */,
				B75B925C222D784A0082A5F0 /* Release */,
			);
			defaultConfigurationIsVisible = 0;
			defaultConfigurationName = Release;
		};
		B75B925D222D784A0082A5F0 /* Build configuration list for PBXNativeTarget "MVC-Example" */ = {
			isa = XCConfigurationList;
			buildConfigurations = (
				B75B925E222D784A0082A5F0 /* Debug */,
				B75B925F222D784A0082A5F0 /* Release */,
			);
			defaultConfigurationIsVisible = 0;
			defaultConfigurationName = Release;
		};
/* End XCConfigurationList section */
	};
	rootObject = B75B9243222D78480082A5F0 /* Project object */;
}
